<?xml version="1.0" encoding="utf-8"?>
<Project ToolsVersion="4.0" xmlns="http://schemas.microsoft.com/developer/msbuild/2003">
  <ItemGroup>
    <Filter Include="Pliki źródłowe">
      <UniqueIdentifier>{4FC737F1-C7A5-4376-A066-2A32D752A2FF}</UniqueIdentifier>
      <Extensions>cpp;c;cc;cxx;def;odl;idl;hpj;bat;asm;asmx</Extensions>
    </Filter>
    <Filter Include="Pliki nagłówkowe">
      <UniqueIdentifier>{93995380-89BD-4b04-88EB-625FBE52EBFB}</UniqueIdentifier>
      <Extensions>h;hh;hpp;hxx;hm;inl;inc;ipp;xsd</Extensions>
    </Filter>
    <Filter Include="Pliki zasobów">
      <UniqueIdentifier>{67DA6AB6-F800-4c08-8B7A-83BB121AAD01}</UniqueIdentifier>
      <Extensions>rc;ico;cur;bmp;dlg;rc2;rct;bin;rgs;gif;jpg;jpeg;jpe;resx;tiff;tif;png;wav;mfcribbon-ms</Extensions>
    </Filter>
    <Filter Include="Pliki źródłowe\structures">
      <UniqueIdentifier>{3eb4a65b-a355-4ccd-9c85-ef510fa603c8}</UniqueIdentifier>
    </Filter>
    <Filter Include="Pliki źródłowe\unions">
      <UniqueIdentifier>{04c23f35-5da8-4364-89f5-ecd804652c67}</UniqueIdentifier>
    </Filter>
    <Filter Include="Pliki źródłowe\printf_scanf">
      <UniqueIdentifier>{92c8ff6a-c1d2-4626-b460-ba10c5f132cf}</UniqueIdentifier>
    </Filter>
    <Filter Include="Pliki źródłowe\preprocessor_directives">
      <UniqueIdentifier>{5705a72a-45f9-4699-b67b-e407deda88f1}</UniqueIdentifier>
    </Filter>
    <Filter Include="Pliki źródłowe\enums">
      <UniqueIdentifier>{78255b32-0511-485e-9f97-c6736150b497}</UniqueIdentifier>
    </Filter>
    <Filter Include="Pliki źródłowe\malloc">
      <UniqueIdentifier>{bd3d3377-028e-427b-bac3-ecacb18e0f8e}</UniqueIdentifier>
    </Filter>
    <Filter Include="Pliki źródłowe\symbolic_constants">
      <UniqueIdentifier>{d364b636-c201-4376-9536-ffd22e9af45c}</UniqueIdentifier>
    </Filter>
    <Filter Include="Pliki źródłowe\pointers">
      <UniqueIdentifier>{f47d00ca-4b79-4d84-a852-c6f877bb434a}</UniqueIdentifier>
    </Filter>
    <Filter Include="Pliki źródłowe\generic">
      <UniqueIdentifier>{eda9eb92-3bfc-4081-ac23-df1f0a61eb7c}</UniqueIdentifier>
    </Filter>
    <Filter Include="Pliki źródłowe\strings">
      <UniqueIdentifier>{87053d9f-6cc6-4612-898a-95763369f07f}</UniqueIdentifier>
    </Filter>
  </ItemGroup>
  <ItemGroup>
    <ClCompile Include="structure.c">
      <Filter>Pliki źródłowe\structures</Filter>
    </ClCompile>
    <ClCompile Include="structure_chars.c">
      <Filter>Pliki źródłowe\structures</Filter>
    </ClCompile>
    <ClCompile Include="structure_table.c">
      <Filter>Pliki źródłowe\structures</Filter>
    </ClCompile>
    <ClCompile Include="structure_function.c">
      <Filter>Pliki źródłowe\structures</Filter>
    </ClCompile>
    <ClCompile Include="union.c">
      <Filter>Pliki źródłowe\unions</Filter>
    </ClCompile>
    <ClCompile Include="nested_union.c">
      <Filter>Pliki źródłowe\unions</Filter>
    </ClCompile>
    <ClCompile Include="scanf.c">
      <Filter>Pliki źródłowe\printf_scanf</Filter>
    </ClCompile>
    <ClCompile Include="sizeof_strlen.c">
      <Filter>Pliki źródłowe\printf_scanf</Filter>
    </ClCompile>
    <ClCompile Include="printf.c">
      <Filter>Pliki źródłowe\printf_scanf</Filter>
    </ClCompile>
    <ClCompile Include="printf_length.c">
      <Filter>Pliki źródłowe\printf_scanf</Filter>
    </ClCompile>
    <ClCompile Include="scanf_nothing.c">
      <Filter>Pliki źródłowe\printf_scanf</Filter>
    </ClCompile>
    <ClCompile Include="define_constant.c">
      <Filter>Pliki źródłowe\preprocessor_directives</Filter>
    </ClCompile>
    <ClCompile Include="define_macro.c">
      <Filter>Pliki źródłowe\preprocessor_directives</Filter>
    </ClCompile>
    <ClCompile Include="undef.c">
      <Filter>Pliki źródłowe\preprocessor_directives</Filter>
    </ClCompile>
    <ClCompile Include="conditional_compilation.c">
      <Filter>Pliki źródłowe\preprocessor_directives</Filter>
    </ClCompile>
    <ClCompile Include="if_elif_else.c">
      <Filter>Pliki źródłowe\preprocessor_directives</Filter>
    </ClCompile>
    <ClCompile Include="enum.c">
      <Filter>Pliki źródłowe\enums</Filter>
    </ClCompile>
    <ClCompile Include="define_macro_advance.c">
      <Filter>Pliki źródłowe\preprocessor_directives</Filter>
    </ClCompile>
    <ClCompile Include="malloc.c">
      <Filter>Pliki źródłowe\malloc</Filter>
    </ClCompile>
    <ClCompile Include="true_false_null.c">
      <Filter>Pliki źródłowe\symbolic_constants</Filter>
    </ClCompile>
    <ClCompile Include="pointers.c">
      <Filter>Pliki źródłowe\pointers</Filter>
    </ClCompile>
    <ClCompile Include="pointers_advanced.c">
      <Filter>Pliki źródłowe\pointers</Filter>
    </ClCompile>
    <ClCompile Include="binary_format.c">
      <Filter>Pliki źródłowe\pointers</Filter>
    </ClCompile>
    <ClCompile Include="conditional_expression.c">
      <Filter>Pliki źródłowe</Filter>
    </ClCompile>
    <ClCompile Include="void_expression.c">
      <Filter>Pliki źródłowe</Filter>
    </ClCompile>
    <ClCompile Include="void_pointer.c">
      <Filter>Pliki źródłowe\pointers</Filter>
    </ClCompile>
    <ClCompile Include="void_array_pointer.c">
      <Filter>Pliki źródłowe\pointers</Filter>
    </ClCompile>
    <ClCompile Include="chars_comparsion.c">
      <Filter>Pliki źródłowe</Filter>
    </ClCompile>
    <ClCompile Include="define.c">
      <Filter>Pliki źródłowe\preprocessor_directives</Filter>
    </ClCompile>
    <ClCompile Include="null_pointer.c">
      <Filter>Pliki źródłowe\pointers</Filter>
    </ClCompile>
    <ClCompile Include="variables.c">
      <Filter>Pliki źródłowe</Filter>
    </ClCompile>
    <ClCompile Include="generic.c">
      <Filter>Pliki źródłowe\generic</Filter>
    </ClCompile>
    <ClCompile Include="string_functions.c">
      <Filter>Pliki źródłowe\strings</Filter>
    </ClCompile>
    <ClCompile Include="sprintf.c">
      <Filter>Pliki źródłowe\printf_scanf</Filter>
    </ClCompile>
    <ClCompile Include="strtok.c">
      <Filter>Pliki źródłowe\strings</Filter>
    </ClCompile>
  </ItemGroup>
</Project>