<?xml version="1.0" encoding="utf-8"?>
<Project ToolsVersion="4.0" xmlns="http://schemas.microsoft.com/developer/msbuild/2003">
  <ItemGroup>
    <Filter Include="Pliki źródłowe">
      <UniqueIdentifier>{4FC737F1-C7A5-4376-A066-2A32D752A2FF}</UniqueIdentifier>
      <Extensions>cpp;c;cc;cxx;def;odl;idl;hpj;bat;asm;asmx</Extensions>
    </Filter>
    <Filter Include="Pliki nagłówkowe">
      <UniqueIdentifier>{93995380-89BD-4b04-88EB-625FBE52EBFB}</UniqueIdentifier>
      <Extensions>h;hh;hpp;hxx;hm;inl;inc;ipp;xsd</Extensions>
    </Filter>
    <Filter Include="Pliki zasobów">
      <UniqueIdentifier>{67DA6AB6-F800-4c08-8B7A-83BB121AAD01}</UniqueIdentifier>
      <Extensions>rc;ico;cur;bmp;dlg;rc2;rct;bin;rgs;gif;jpg;jpeg;jpe;resx;tiff;tif;png;wav;mfcribbon-ms</Extensions>
    </Filter>
    <Filter Include="Pliki źródłowe\structures">
      <UniqueIdentifier>{3eb4a65b-a355-4ccd-9c85-ef510fa603c8}</UniqueIdentifier>
    </Filter>
    <Filter Include="Pliki źródłowe\unions">
      <UniqueIdentifier>{04c23f35-5da8-4364-89f5-ecd804652c67}</UniqueIdentifier>
    </Filter>
    <Filter Include="Pliki źródłowe\printf_scanf">
      <UniqueIdentifier>{92c8ff6a-c1d2-4626-b460-ba10c5f132cf}</UniqueIdentifier>
    </Filter>
    <Filter Include="Pliki źródłowe\preprocessor_directives">
      <UniqueIdentifier>{5705a72a-45f9-4699-b67b-e407deda88f1}</UniqueIdentifier>
    </Filter>
    <Filter Include="Pliki źródłowe\enums">
      <UniqueIdentifier>{78255b32-0511-485e-9f97-c6736150b497}</UniqueIdentifier>
    </Filter>
    <Filter Include="Pliki źródłowe\malloc">
      <UniqueIdentifier>{bd3d3377-028e-427b-bac3-ecacb18e0f8e}</UniqueIdentifier>
    </Filter>
    <Filter Include="Pliki źródłowe\symbolic_constants">
      <UniqueIdentifier>{d364b636-c201-4376-9536-ffd22e9af45c}</UniqueIdentifier>
    </Filter>
    <Filter Include="Pliki źródłowe\pointers">
      <UniqueIdentifier>{f47d00ca-4b79-4d84-a852-c6f877bb434a}</UniqueIdentifier>
    </Filter>
    <Filter Include="Pliki źródłowe\strings">
      <UniqueIdentifier>{87053d9f-6cc6-4612-898a-95763369f07f}</UniqueIdentifier>
    </Filter>
    <Filter Include="Pliki źródłowe\register">
      <UniqueIdentifier>{05f91b9c-dc16-4d35-9470-dbc120e9b701}</UniqueIdentifier>
    </Filter>
    <Filter Include="Pliki źródłowe\assert">
      <UniqueIdentifier>{d2f8aa29-a6fd-4ed2-8b71-3c8e8b874d01}</UniqueIdentifier>
    </Filter>
    <Filter Include="Pliki źródłowe\overflow">
      <UniqueIdentifier>{32375450-4fee-48bc-8a9a-93fec7a31af9}</UniqueIdentifier>
    </Filter>
    <Filter Include="Pliki źródłowe\data_types">
      <UniqueIdentifier>{bacbe629-107c-4475-82e8-3839083ae28a}</UniqueIdentifier>
    </Filter>
    <Filter Include="Pliki źródłowe\operators">
      <UniqueIdentifier>{838d9f94-36a6-4a20-aac5-efd3548e64fd}</UniqueIdentifier>
    </Filter>
    <Filter Include="Pliki źródłowe\switch">
      <UniqueIdentifier>{680dc84d-8c70-40e2-ab81-617c98a21604}</UniqueIdentifier>
    </Filter>
    <Filter Include="Pliki źródłowe\input_output">
      <UniqueIdentifier>{6953f058-c709-4e40-bc55-cba6862f6f2b}</UniqueIdentifier>
    </Filter>
    <Filter Include="Pliki źródłowe\functions">
      <UniqueIdentifier>{4e5f1ad0-b99d-4f0f-8430-7805a0aec088}</UniqueIdentifier>
    </Filter>
    <Filter Include="Pliki źródłowe\array">
      <UniqueIdentifier>{e18e9dda-cfcf-409c-81ed-96327eb212b2}</UniqueIdentifier>
    </Filter>
    <Filter Include="Pliki źródłowe\constant">
      <UniqueIdentifier>{0b6ea705-1ae7-4b23-92f8-23b1abd25cf6}</UniqueIdentifier>
    </Filter>
    <Filter Include="Pliki źródłowe\generic">
      <UniqueIdentifier>{eda9eb92-3bfc-4081-ac23-df1f0a61eb7c}</UniqueIdentifier>
    </Filter>
    <Filter Include="Pliki źródłowe\conversion">
      <UniqueIdentifier>{66dbde3e-ada1-430e-b06c-74009a3508c0}</UniqueIdentifier>
    </Filter>
    <Filter Include="Pliki źródłowe\storage_classes">
      <UniqueIdentifier>{2df4f341-1799-464a-b2e0-f2dd64e23ad9}</UniqueIdentifier>
    </Filter>
    <Filter Include="Pliki źródłowe\files">
      <UniqueIdentifier>{fd28af48-c817-4c57-a090-c720d8665b94}</UniqueIdentifier>
    </Filter>
    <Filter Include="Pliki źródłowe\float_environment">
      <UniqueIdentifier>{149a628a-2fdf-4441-9fb4-c86fc099e7fd}</UniqueIdentifier>
    </Filter>
    <Filter Include="Pliki źródłowe\signals">
      <UniqueIdentifier>{75269eb2-903b-45fe-b3f2-db3127b1dede}</UniqueIdentifier>
    </Filter>
    <Filter Include="Pliki źródłowe\align">
      <UniqueIdentifier>{fc3d4005-9261-4629-9a29-cc4169b0bfcf}</UniqueIdentifier>
    </Filter>
    <Filter Include="Pliki źródłowe\widechar">
      <UniqueIdentifier>{4e4d7a93-877a-4c72-a4a0-aa429fb4f63a}</UniqueIdentifier>
    </Filter>
  </ItemGroup>
  <ItemGroup>
    <ClCompile Include="structure.c">
      <Filter>Pliki źródłowe\structures</Filter>
    </ClCompile>
    <ClCompile Include="structure_chars.c">
      <Filter>Pliki źródłowe\structures</Filter>
    </ClCompile>
    <ClCompile Include="structure_table.c">
      <Filter>Pliki źródłowe\structures</Filter>
    </ClCompile>
    <ClCompile Include="structure_function.c">
      <Filter>Pliki źródłowe\structures</Filter>
    </ClCompile>
    <ClCompile Include="union.c">
      <Filter>Pliki źródłowe\unions</Filter>
    </ClCompile>
    <ClCompile Include="nested_union.c">
      <Filter>Pliki źródłowe\unions</Filter>
    </ClCompile>
    <ClCompile Include="scanf.c">
      <Filter>Pliki źródłowe\printf_scanf</Filter>
    </ClCompile>
    <ClCompile Include="printf.c">
      <Filter>Pliki źródłowe\printf_scanf</Filter>
    </ClCompile>
    <ClCompile Include="printf_length.c">
      <Filter>Pliki źródłowe\printf_scanf</Filter>
    </ClCompile>
    <ClCompile Include="scanf_nothing.c">
      <Filter>Pliki źródłowe\printf_scanf</Filter>
    </ClCompile>
    <ClCompile Include="define_constant.c">
      <Filter>Pliki źródłowe\preprocessor_directives</Filter>
    </ClCompile>
    <ClCompile Include="define_macro.c">
      <Filter>Pliki źródłowe\preprocessor_directives</Filter>
    </ClCompile>
    <ClCompile Include="undef.c">
      <Filter>Pliki źródłowe\preprocessor_directives</Filter>
    </ClCompile>
    <ClCompile Include="conditional_compilation.c">
      <Filter>Pliki źródłowe\preprocessor_directives</Filter>
    </ClCompile>
    <ClCompile Include="if_elif_else.c">
      <Filter>Pliki źródłowe\preprocessor_directives</Filter>
    </ClCompile>
    <ClCompile Include="enum.c">
      <Filter>Pliki źródłowe\enums</Filter>
    </ClCompile>
    <ClCompile Include="define_macro_advance.c">
      <Filter>Pliki źródłowe\preprocessor_directives</Filter>
    </ClCompile>
    <ClCompile Include="malloc.c">
      <Filter>Pliki źródłowe\malloc</Filter>
    </ClCompile>
    <ClCompile Include="true_false_null.c">
      <Filter>Pliki źródłowe\symbolic_constants</Filter>
    </ClCompile>
    <ClCompile Include="pointers.c">
      <Filter>Pliki źródłowe\pointers</Filter>
    </ClCompile>
    <ClCompile Include="pointers_advanced.c">
      <Filter>Pliki źródłowe\pointers</Filter>
    </ClCompile>
    <ClCompile Include="binary_format.c">
      <Filter>Pliki źródłowe\pointers</Filter>
    </ClCompile>
    <ClCompile Include="void_expression.c">
      <Filter>Pliki źródłowe</Filter>
    </ClCompile>
    <ClCompile Include="void_pointer.c">
      <Filter>Pliki źródłowe\pointers</Filter>
    </ClCompile>
    <ClCompile Include="void_array_pointer.c">
      <Filter>Pliki źródłowe\pointers</Filter>
    </ClCompile>
    <ClCompile Include="chars_comparsion.c">
      <Filter>Pliki źródłowe</Filter>
    </ClCompile>
    <ClCompile Include="define.c">
      <Filter>Pliki źródłowe\preprocessor_directives</Filter>
    </ClCompile>
    <ClCompile Include="null_pointer.c">
      <Filter>Pliki źródłowe\pointers</Filter>
    </ClCompile>
    <ClCompile Include="generic.c">
      <Filter>Pliki źródłowe\generic</Filter>
    </ClCompile>
    <ClCompile Include="string_functions.c">
      <Filter>Pliki źródłowe\strings</Filter>
    </ClCompile>
    <ClCompile Include="sprintf.c">
      <Filter>Pliki źródłowe\printf_scanf</Filter>
    </ClCompile>
    <ClCompile Include="strtok.c">
      <Filter>Pliki źródłowe\strings</Filter>
    </ClCompile>
    <ClCompile Include="fprintf.c">
      <Filter>Pliki źródłowe\printf_scanf</Filter>
    </ClCompile>
    <ClCompile Include="register.c">
      <Filter>Pliki źródłowe\register</Filter>
    </ClCompile>
    <ClCompile Include="register_value.c">
      <Filter>Pliki źródłowe\register</Filter>
    </ClCompile>
    <ClCompile Include="printf_n_parameter.c">
      <Filter>Pliki źródłowe\printf_scanf</Filter>
    </ClCompile>
    <ClCompile Include="memory_info.c">
      <Filter>Pliki źródłowe</Filter>
    </ClCompile>
    <ClCompile Include="assert_simple.c">
      <Filter>Pliki źródłowe\assert</Filter>
    </ClCompile>
    <ClCompile Include="predefined_macros.c">
      <Filter>Pliki źródłowe\preprocessor_directives</Filter>
    </ClCompile>
    <ClCompile Include="char_overflow.c">
      <Filter>Pliki źródłowe\overflow</Filter>
    </ClCompile>
    <ClCompile Include="types_size.c">
      <Filter>Pliki źródłowe\data_types</Filter>
    </ClCompile>
    <ClCompile Include="boolean.c">
      <Filter>Pliki źródłowe\data_types</Filter>
    </ClCompile>
    <ClCompile Include="complex_gcc.c">
      <Filter>Pliki źródłowe\data_types</Filter>
    </ClCompile>
    <ClCompile Include="complex_crt.c">
      <Filter>Pliki źródłowe\data_types</Filter>
    </ClCompile>
    <ClCompile Include="float_limits.c">
      <Filter>Pliki źródłowe\data_types</Filter>
    </ClCompile>
    <ClCompile Include="float_specifiers.c">
      <Filter>Pliki źródłowe\data_types</Filter>
    </ClCompile>
    <ClCompile Include="integer_exact_width.c">
      <Filter>Pliki źródłowe\data_types</Filter>
    </ClCompile>
    <ClCompile Include="integer_fastest_minimum_width.c">
      <Filter>Pliki źródłowe\data_types</Filter>
    </ClCompile>
    <ClCompile Include="integer_greatest_width.c">
      <Filter>Pliki źródłowe\data_types</Filter>
    </ClCompile>
    <ClCompile Include="integer_specifiers.c">
      <Filter>Pliki źródłowe\data_types</Filter>
    </ClCompile>
    <ClCompile Include="integer_minimal_width.c">
      <Filter>Pliki źródłowe\data_types</Filter>
    </ClCompile>
    <ClCompile Include="integer_pointer.c">
      <Filter>Pliki źródłowe\data_types</Filter>
    </ClCompile>
    <ClCompile Include="size.c">
      <Filter>Pliki źródłowe\data_types</Filter>
    </ClCompile>
    <ClCompile Include="sizeof_strlen.c">
      <Filter>Pliki źródłowe\strings</Filter>
    </ClCompile>
    <ClCompile Include="scanf_partial.c">
      <Filter>Pliki źródłowe\printf_scanf</Filter>
    </ClCompile>
    <ClCompile Include="modulo.c">
      <Filter>Pliki źródłowe\operators</Filter>
    </ClCompile>
    <ClCompile Include="comma_operator.c">
      <Filter>Pliki źródłowe\operators</Filter>
    </ClCompile>
    <ClCompile Include="chars_functions.c">
      <Filter>Pliki źródłowe</Filter>
    </ClCompile>
    <ClCompile Include="and_or_not.c">
      <Filter>Pliki źródłowe\operators</Filter>
    </ClCompile>
    <ClCompile Include="switch.c">
      <Filter>Pliki źródłowe\switch</Filter>
    </ClCompile>
    <ClCompile Include="conditional_operator.c">
      <Filter>Pliki źródłowe\operators</Filter>
    </ClCompile>
    <ClCompile Include="goto.c">
      <Filter>Pliki źródłowe</Filter>
    </ClCompile>
    <ClCompile Include="getch_getche.c">
      <Filter>Pliki źródłowe\input_output</Filter>
    </ClCompile>
    <ClCompile Include="putchar_getchar.c">
      <Filter>Pliki źródłowe\input_output</Filter>
    </ClCompile>
    <ClCompile Include="function_old_style.c">
      <Filter>Pliki źródłowe\functions</Filter>
    </ClCompile>
    <ClCompile Include="function_prototype.c">
      <Filter>Pliki źródłowe\functions</Filter>
    </ClCompile>
    <ClCompile Include="function_no_prototype.c">
      <Filter>Pliki źródłowe\functions</Filter>
    </ClCompile>
    <ClCompile Include="array_initialization.c">
      <Filter>Pliki źródłowe\array</Filter>
    </ClCompile>
    <ClCompile Include="array_designated_initialization.c">
      <Filter>Pliki źródłowe\array</Filter>
    </ClCompile>
    <ClCompile Include="pointers_substraction.c">
      <Filter>Pliki źródłowe\pointers</Filter>
    </ClCompile>
    <ClCompile Include="pointers_comparsion.c">
      <Filter>Pliki źródłowe\pointers</Filter>
    </ClCompile>
    <ClCompile Include="constant_pointer.c">
      <Filter>Pliki źródłowe\constant</Filter>
    </ClCompile>
    <ClCompile Include="variable_length_array.c">
      <Filter>Pliki źródłowe\array</Filter>
    </ClCompile>
    <ClCompile Include="compound_literals.c">
      <Filter>Pliki źródłowe\array</Filter>
    </ClCompile>
    <ClCompile Include="char_literals.c">
      <Filter>Pliki źródłowe\strings</Filter>
    </ClCompile>
    <ClCompile Include="gets_fgets_gets_s.c">
      <Filter>Pliki źródłowe\input_output</Filter>
    </ClCompile>
    <ClCompile Include="scanf_functions.c">
      <Filter>Pliki źródłowe\printf_scanf</Filter>
    </ClCompile>
    <ClCompile Include="main_function.c">
      <Filter>Pliki źródłowe\functions</Filter>
    </ClCompile>
    <ClCompile Include="sizeof.c">
      <Filter>Pliki źródłowe\operators</Filter>
    </ClCompile>
    <ClCompile Include="ato_functions.c">
      <Filter>Pliki źródłowe\conversion</Filter>
    </ClCompile>
    <ClCompile Include="int_non.c">
      <Filter>Pliki źródłowe\conversion</Filter>
    </ClCompile>
    <ClCompile Include="strto_functions.c">
      <Filter>Pliki źródłowe\conversion</Filter>
    </ClCompile>
    <ClCompile Include="toa_functions.c">
      <Filter>Pliki źródłowe\conversion</Filter>
    </ClCompile>
    <ClCompile Include="storage_classes.c">
      <Filter>Pliki źródłowe\storage_classes</Filter>
    </ClCompile>
    <ClCompile Include="scope.c">
      <Filter>Pliki źródłowe\storage_classes</Filter>
    </ClCompile>
    <ClCompile Include="type_qualifiers.c">
      <Filter>Pliki źródłowe\storage_classes</Filter>
    </ClCompile>
    <ClCompile Include="storage_classes_new_declaration.c">
      <Filter>Pliki źródłowe\storage_classes</Filter>
    </ClCompile>
    <ClCompile Include="putc_fputc_getc_fgetc.c">
      <Filter>Pliki źródłowe\input_output</Filter>
    </ClCompile>
    <ClCompile Include="file_access_modes.c">
      <Filter>Pliki źródłowe\storage_classes</Filter>
    </ClCompile>
    <ClCompile Include="fseek_ftell.c">
      <Filter>Pliki źródłowe\files</Filter>
    </ClCompile>
    <ClCompile Include="temp.c">
      <Filter>Pliki źródłowe</Filter>
    </ClCompile>
    <ClCompile Include="structure_initialization.c">
      <Filter>Pliki źródłowe\structures</Filter>
    </ClCompile>
    <ClCompile Include="anonymous_structure.c">
      <Filter>Pliki źródłowe\structures</Filter>
    </ClCompile>
    <ClCompile Include="union_initialization.c">
      <Filter>Pliki źródłowe\unions</Filter>
    </ClCompile>
    <ClCompile Include="structure_declaration.c">
      <Filter>Pliki źródłowe\structures</Filter>
    </ClCompile>
    <ClCompile Include="union_declaration.c">
      <Filter>Pliki źródłowe\unions</Filter>
    </ClCompile>
    <ClCompile Include="left_right_shift.c">
      <Filter>Pliki źródłowe\operators</Filter>
    </ClCompile>
    <ClCompile Include="bit_field.c">
      <Filter>Pliki źródłowe\structures</Filter>
    </ClCompile>
    <ClCompile Include="alignof.c">
      <Filter>Pliki źródłowe\operators</Filter>
    </ClCompile>
    <ClCompile Include="alignas.c">
      <Filter>Pliki źródłowe\storage_classes</Filter>
    </ClCompile>
    <ClCompile Include="preprocessor_operators.c">
      <Filter>Pliki źródłowe\preprocessor_directives</Filter>
    </ClCompile>
    <ClCompile Include="preprocessor_operators2.c">
      <Filter>Pliki źródłowe\preprocessor_directives</Filter>
    </ClCompile>
    <ClCompile Include="variadic_macro.c">
      <Filter>Pliki źródłowe\preprocessor_directives</Filter>
    </ClCompile>
    <ClCompile Include="alligned_malloc.c">
      <Filter>Pliki źródłowe\malloc</Filter>
    </ClCompile>
    <ClCompile Include="pragma.c">
      <Filter>Pliki źródłowe\preprocessor_directives</Filter>
    </ClCompile>
    <ClCompile Include="inline.c">
      <Filter>Pliki źródłowe\storage_classes</Filter>
    </ClCompile>
    <ClCompile Include="noreturn.c">
      <Filter>Pliki źródłowe\storage_classes</Filter>
    </ClCompile>
    <ClCompile Include="generic_function.c">
      <Filter>Pliki źródłowe\generic</Filter>
    </ClCompile>
    <ClCompile Include="calling_function_macro.c">
      <Filter>Pliki źródłowe\functions</Filter>
    </ClCompile>
    <ClCompile Include="atexit.c">
      <Filter>Pliki źródłowe</Filter>
    </ClCompile>
    <ClCompile Include="static_assert.c">
      <Filter>Pliki źródłowe\assert</Filter>
    </ClCompile>
    <ClCompile Include="assert.c">
      <Filter>Pliki źródłowe\assert</Filter>
    </ClCompile>
    <ClCompile Include="thread_local.c">
      <Filter>Pliki źródłowe\storage_classes</Filter>
    </ClCompile>
    <ClCompile Include="errno.c">
      <Filter>Pliki źródłowe</Filter>
    </ClCompile>
    <ClCompile Include="round_modes.c">
      <Filter>Pliki źródłowe\float_environment</Filter>
    </ClCompile>
    <ClCompile Include="float_macros.c">
      <Filter>Pliki źródłowe\float_environment</Filter>
    </ClCompile>
    <ClCompile Include="intmax.c">
      <Filter>Pliki źródłowe\data_types</Filter>
    </ClCompile>
    <ClCompile Include="locale.c">
      <Filter>Pliki źródłowe</Filter>
    </ClCompile>
    <ClCompile Include="math.c">
      <Filter>Pliki źródłowe</Filter>
    </ClCompile>
    <ClCompile Include="signals.c">
      <Filter>Pliki źródłowe\signals</Filter>
    </ClCompile>
    <ClCompile Include="offsetof.c">
      <Filter>Pliki źródłowe\align</Filter>
    </ClCompile>
    <ClCompile Include="randmax_exit_success_failure.c">
      <Filter>Pliki źródłowe\symbolic_constants</Filter>
    </ClCompile>
    <ClCompile Include="system.c">
      <Filter>Pliki źródłowe</Filter>
    </ClCompile>
    <ClCompile Include="widechar.c">
      <Filter>Pliki źródłowe\widechar</Filter>
    </ClCompile>
    <ClCompile Include="widechar2.c">
      <Filter>Pliki źródłowe\widechar</Filter>
    </ClCompile>
  </ItemGroup>
  <ItemGroup>
    <Text Include="test.txt">
      <Filter>Pliki źródłowe\storage_classes</Filter>
    </Text>
    <Text Include="test2.txt">
      <Filter>Pliki źródłowe\files</Filter>
    </Text>
  </ItemGroup>
</Project>